// !$*UTF8*$!
{
	archiveVersion = 1;
	classes = {
	};
	objectVersion = 46;
	objects = {

/* Begin PBXBuildFile section */
		ED5C4D8E1C66AED1003BA5EE /* AppDelegate.m in Sources */ = {isa = PBXBuildFile; fileRef = ED5C4D771C66AED1003BA5EE /* AppDelegate.m */; };
		ED5C4D8F1C66AED1003BA5EE /* Assets.xcassets in Resources */ = {isa = PBXBuildFile; fileRef = ED5C4D781C66AED1003BA5EE /* Assets.xcassets */; };
		ED5C4D901C66AED1003BA5EE /* Main.storyboard in Resources */ = {isa = PBXBuildFile; fileRef = ED5C4D7A1C66AED1003BA5EE /* Main.storyboard */; };
		ED5C4D911C66AED1003BA5EE /* ViewController.m in Sources */ = {isa = PBXBuildFile; fileRef = ED5C4D7E1C66AED1003BA5EE /* ViewController.m */; };
		ED5C4D921C66AED1003BA5EE /* DataController.m in Sources */ = {isa = PBXBuildFile; fileRef = ED5C4D811C66AED1003BA5EE /* DataController.m */; };
		ED5C4D931C66AED1003BA5EE /* Info.plist in Resources */ = {isa = PBXBuildFile; fileRef = ED5C4D821C66AED1003BA5EE /* Info.plist */; };
		ED5C4D941C66AED1003BA5EE /* main.m in Sources */ = {isa = PBXBuildFile; fileRef = ED5C4D831C66AED1003BA5EE /* main.m */; };
		ED5C4D951C66AED1003BA5EE /* Snippet+CoreDataProperties.m in Sources */ = {isa = PBXBuildFile; fileRef = ED5C4D861C66AED1003BA5EE /* Snippet+CoreDataProperties.m */; };
		ED5C4D961C66AED1003BA5EE /* Snippet.m in Sources */ = {isa = PBXBuildFile; fileRef = ED5C4D881C66AED1003BA5EE /* Snippet.m */; };
		ED5C4D971C66AED1003BA5EE /* ApiClient.m in Sources */ = {isa = PBXBuildFile; fileRef = ED5C4D8B1C66AED1003BA5EE /* ApiClient.m */; };
		ED5C4D981C66AED1003BA5EE /* SnippetModel.xcdatamodeld in Sources */ = {isa = PBXBuildFile; fileRef = ED5C4D8C1C66AED1003BA5EE /* SnippetModel.xcdatamodeld */; };
		EDCDEB0D1C5EB8AD00C4E871 /* SnippetManagerTests.m in Sources */ = {isa = PBXBuildFile; fileRef = EDCDEB0C1C5EB8AD00C4E871 /* SnippetManagerTests.m */; };
		EDCDEB211C5ED64400C4E871 /* CoreData.framework in Frameworks */ = {isa = PBXBuildFile; fileRef = EDCDEB201C5ED64400C4E871 /* CoreData.framework */; };
		F7D2757D0B9693D94868E67B /* libPods-SnippetManager.a in Frameworks */ = {isa = PBXBuildFile; fileRef = 54E74DEEBBBD8277E6F0852C /* libPods-SnippetManager.a */; };
/* End PBXBuildFile section */

/* Begin PBXContainerItemProxy section */
		EDCDEB091C5EB8AC00C4E871 /* PBXContainerItemProxy */ = {
			isa = PBXContainerItemProxy;
			containerPortal = EDCDEAEA1C5EB8AB00C4E871 /* Project object */;
			proxyType = 1;
			remoteGlobalIDString = EDCDEAF11C5EB8AB00C4E871;
			remoteInfo = SnippetManager;
		};
/* End PBXContainerItemProxy section */

/* Begin PBXFileReference section */
		11C6272ABC56212DC16CB227 /* Pods-SnippetManager.debug.xcconfig */ = {isa = PBXFileReference; includeInIndex = 1; lastKnownFileType = text.xcconfig; name = "Pods-SnippetManager.debug.xcconfig"; path = "Pods/Target Support Files/Pods-SnippetManager/Pods-SnippetManager.debug.xcconfig"; sourceTree = "<group>"; };
		54E74DEEBBBD8277E6F0852C /* libPods-SnippetManager.a */ = {isa = PBXFileReference; explicitFileType = archive.ar; includeInIndex = 0; path = "libPods-SnippetManager.a"; sourceTree = BUILT_PRODUCTS_DIR; };
		8F68218799E371532FED4646 /* Pods-SnippetManager.release.xcconfig */ = {isa = PBXFileReference; includeInIndex = 1; lastKnownFileType = text.xcconfig; name = "Pods-SnippetManager.release.xcconfig"; path = "Pods/Target Support Files/Pods-SnippetManager/Pods-SnippetManager.release.xcconfig"; sourceTree = "<group>"; };
		ED5C4D761C66AED1003BA5EE /* AppDelegate.h */ = {isa = PBXFileReference; fileEncoding = 4; lastKnownFileType = sourcecode.c.h; path = AppDelegate.h; sourceTree = "<group>"; };
		ED5C4D771C66AED1003BA5EE /* AppDelegate.m */ = {isa = PBXFileReference; fileEncoding = 4; lastKnownFileType = sourcecode.c.objc; path = AppDelegate.m; sourceTree = "<group>"; };
		ED5C4D781C66AED1003BA5EE /* Assets.xcassets */ = {isa = PBXFileReference; lastKnownFileType = folder.assetcatalog; path = Assets.xcassets; sourceTree = "<group>"; };
		ED5C4D7B1C66AED1003BA5EE /* Base */ = {isa = PBXFileReference; lastKnownFileType = file.storyboard; name = Base; path = Main.storyboard; sourceTree = "<group>"; };
		ED5C4D7D1C66AED1003BA5EE /* ViewController.h */ = {isa = PBXFileReference; fileEncoding = 4; lastKnownFileType = sourcecode.c.h; path = ViewController.h; sourceTree = "<group>"; };
		ED5C4D7E1C66AED1003BA5EE /* ViewController.m */ = {isa = PBXFileReference; fileEncoding = 4; lastKnownFileType = sourcecode.c.objc; path = ViewController.m; sourceTree = "<group>"; };
		ED5C4D801C66AED1003BA5EE /* DataController.h */ = {isa = PBXFileReference; fileEncoding = 4; lastKnownFileType = sourcecode.c.h; path = DataController.h; sourceTree = "<group>"; };
		ED5C4D811C66AED1003BA5EE /* DataController.m */ = {isa = PBXFileReference; fileEncoding = 4; lastKnownFileType = sourcecode.c.objc; path = DataController.m; sourceTree = "<group>"; };
		ED5C4D821C66AED1003BA5EE /* Info.plist */ = {isa = PBXFileReference; fileEncoding = 4; lastKnownFileType = text.plist.xml; path = Info.plist; sourceTree = "<group>"; };
		ED5C4D831C66AED1003BA5EE /* main.m */ = {isa = PBXFileReference; fileEncoding = 4; lastKnownFileType = sourcecode.c.objc; path = main.m; sourceTree = "<group>"; };
		ED5C4D851C66AED1003BA5EE /* Snippet+CoreDataProperties.h */ = {isa = PBXFileReference; fileEncoding = 4; lastKnownFileType = sourcecode.c.h; path = "Snippet+CoreDataProperties.h"; sourceTree = "<group>"; };
		ED5C4D861C66AED1003BA5EE /* Snippet+CoreDataProperties.m */ = {isa = PBXFileReference; fileEncoding = 4; lastKnownFileType = sourcecode.c.objc; path = "Snippet+CoreDataProperties.m"; sourceTree = "<group>"; };
		ED5C4D871C66AED1003BA5EE /* Snippet.h */ = {isa = PBXFileReference; fileEncoding = 4; lastKnownFileType = sourcecode.c.h; path = Snippet.h; sourceTree = "<group>"; };
		ED5C4D881C66AED1003BA5EE /* Snippet.m */ = {isa = PBXFileReference; fileEncoding = 4; lastKnownFileType = sourcecode.c.objc; path = Snippet.m; sourceTree = "<group>"; };
		ED5C4D8A1C66AED1003BA5EE /* ApiClient.h */ = {isa = PBXFileReference; fileEncoding = 4; lastKnownFileType = sourcecode.c.h; path = ApiClient.h; sourceTree = "<group>"; };
		ED5C4D8B1C66AED1003BA5EE /* ApiClient.m */ = {isa = PBXFileReference; fileEncoding = 4; lastKnownFileType = sourcecode.c.objc; path = ApiClient.m; sourceTree = "<group>"; };
		ED5C4D8D1C66AED1003BA5EE /* SnippetModel.xcdatamodel */ = {isa = PBXFileReference; lastKnownFileType = wrapper.xcdatamodel; path = SnippetModel.xcdatamodel; sourceTree = "<group>"; };
		EDCDEAF21C5EB8AC00C4E871 /* SnippetManager.app */ = {isa = PBXFileReference; explicitFileType = wrapper.application; includeInIndex = 0; path = SnippetManager.app; sourceTree = BUILT_PRODUCTS_DIR; };
		EDCDEB081C5EB8AC00C4E871 /* SnippetManagerTests.xctest */ = {isa = PBXFileReference; explicitFileType = wrapper.cfbundle; includeInIndex = 0; path = SnippetManagerTests.xctest; sourceTree = BUILT_PRODUCTS_DIR; };
		EDCDEB0C1C5EB8AD00C4E871 /* SnippetManagerTests.m */ = {isa = PBXFileReference; lastKnownFileType = sourcecode.c.objc; path = SnippetManagerTests.m; sourceTree = "<group>"; };
		EDCDEB0E1C5EB8AD00C4E871 /* Info.plist */ = {isa = PBXFileReference; lastKnownFileType = text.plist.xml; path = Info.plist; sourceTree = "<group>"; };
		EDCDEB201C5ED64400C4E871 /* CoreData.framework */ = {isa = PBXFileReference; lastKnownFileType = wrapper.framework; name = CoreData.framework; path = System/Library/Frameworks/CoreData.framework; sourceTree = SDKROOT; };
/* End PBXFileReference section */

/* Begin PBXFrameworksBuildPhase section */
		EDCDEAEF1C5EB8AB00C4E871 /* Frameworks */ = {
			isa = PBXFrameworksBuildPhase;
			buildActionMask = 2147483647;
			files = (
				EDCDEB211C5ED64400C4E871 /* CoreData.framework in Frameworks */,
				F7D2757D0B9693D94868E67B /* libPods-SnippetManager.a in Frameworks */,
			);
			runOnlyForDeploymentPostprocessing = 0;
		};
		EDCDEB051C5EB8AC00C4E871 /* Frameworks */ = {
			isa = PBXFrameworksBuildPhase;
			buildActionMask = 2147483647;
			files = (
			);
			runOnlyForDeploymentPostprocessing = 0;
		};
/* End PBXFrameworksBuildPhase section */

/* Begin PBXGroup section */
		BE5C5F017E4460118CEAAB16 /* Pods */ = {
			isa = PBXGroup;
			children = (
				11C6272ABC56212DC16CB227 /* Pods-SnippetManager.debug.xcconfig */,
				8F68218799E371532FED4646 /* Pods-SnippetManager.release.xcconfig */,
			);
			name = Pods;
			sourceTree = "<group>";
		};
		C6BFE15ADB0B06DF3B7E564C /* Frameworks */ = {
			isa = PBXGroup;
			children = (
				EDCDEB201C5ED64400C4E871 /* CoreData.framework */,
				54E74DEEBBBD8277E6F0852C /* libPods-SnippetManager.a */,
			);
			name = Frameworks;
			sourceTree = "<group>";
		};
		ED5C4D791C66AED1003BA5EE /* Base.lproj */ = {
			isa = PBXGroup;
			children = (
				ED5C4D7A1C66AED1003BA5EE /* Main.storyboard */,
			);
			path = Base.lproj;
			sourceTree = "<group>";
		};
		ED5C4D7C1C66AED1003BA5EE /* Controllers */ = {
			isa = PBXGroup;
			children = (
				ED5C4D7D1C66AED1003BA5EE /* ViewController.h */,
				ED5C4D7E1C66AED1003BA5EE /* ViewController.m */,
			);
			path = Controllers;
			sourceTree = "<group>";
		};
		ED5C4D7F1C66AED1003BA5EE /* Data */ = {
			isa = PBXGroup;
			children = (
				ED5C4D801C66AED1003BA5EE /* DataController.h */,
				ED5C4D811C66AED1003BA5EE /* DataController.m */,
			);
			path = Data;
			sourceTree = "<group>";
		};
		ED5C4D841C66AED1003BA5EE /* Models */ = {
			isa = PBXGroup;
			children = (
				ED5C4D851C66AED1003BA5EE /* Snippet+CoreDataProperties.h */,
				ED5C4D861C66AED1003BA5EE /* Snippet+CoreDataProperties.m */,
				ED5C4D871C66AED1003BA5EE /* Snippet.h */,
				ED5C4D881C66AED1003BA5EE /* Snippet.m */,
			);
			path = Models;
			sourceTree = "<group>";
		};
		ED5C4D891C66AED1003BA5EE /* Networking */ = {
			isa = PBXGroup;
			children = (
				ED5C4D8A1C66AED1003BA5EE /* ApiClient.h */,
				ED5C4D8B1C66AED1003BA5EE /* ApiClient.m */,
			);
			path = Networking;
			sourceTree = "<group>";
		};
		EDCDEAE91C5EB8AB00C4E871 = {
			isa = PBXGroup;
			children = (
				EDCDEAF41C5EB8AC00C4E871 /* SnippetManager */,
				EDCDEB0B1C5EB8AC00C4E871 /* SnippetManagerTests */,
				EDCDEAF31C5EB8AC00C4E871 /* Products */,
				BE5C5F017E4460118CEAAB16 /* Pods */,
				C6BFE15ADB0B06DF3B7E564C /* Frameworks */,
			);
			sourceTree = "<group>";
		};
		EDCDEAF31C5EB8AC00C4E871 /* Products */ = {
			isa = PBXGroup;
			children = (
				EDCDEAF21C5EB8AC00C4E871 /* SnippetManager.app */,
				EDCDEB081C5EB8AC00C4E871 /* SnippetManagerTests.xctest */,
			);
			name = Products;
			sourceTree = "<group>";
		};
		EDCDEAF41C5EB8AC00C4E871 /* SnippetManager */ = {
			isa = PBXGroup;
			children = (
				ED5C4D761C66AED1003BA5EE /* AppDelegate.h */,
				ED5C4D771C66AED1003BA5EE /* AppDelegate.m */,
				ED5C4D781C66AED1003BA5EE /* Assets.xcassets */,
				ED5C4D791C66AED1003BA5EE /* Base.lproj */,
				ED5C4D7C1C66AED1003BA5EE /* Controllers */,
				ED5C4D7F1C66AED1003BA5EE /* Data */,
				ED5C4D821C66AED1003BA5EE /* Info.plist */,
				ED5C4D831C66AED1003BA5EE /* main.m */,
				ED5C4D841C66AED1003BA5EE /* Models */,
				ED5C4D891C66AED1003BA5EE /* Networking */,
				ED5C4D8C1C66AED1003BA5EE /* SnippetModel.xcdatamodeld */,
			);
			path = SnippetManager;
			sourceTree = "<group>";
		};
		EDCDEB0B1C5EB8AC00C4E871 /* SnippetManagerTests */ = {
			isa = PBXGroup;
			children = (
				EDCDEB0C1C5EB8AD00C4E871 /* SnippetManagerTests.m */,
				EDCDEB0E1C5EB8AD00C4E871 /* Info.plist */,
			);
			path = SnippetManagerTests;
			sourceTree = "<group>";
		};
/* End PBXGroup section */

/* Begin PBXNativeTarget section */
		EDCDEAF11C5EB8AB00C4E871 /* SnippetManager */ = {
			isa = PBXNativeTarget;
			buildConfigurationList = EDCDEB111C5EB8AD00C4E871 /* Build configuration list for PBXNativeTarget "SnippetManager" */;
			buildPhases = (
				26A3A2240D112864870948DD /* Check Pods Manifest.lock */,
				EDCDEAEE1C5EB8AB00C4E871 /* Sources */,
				EDCDEAEF1C5EB8AB00C4E871 /* Frameworks */,
				EDCDEAF01C5EB8AB00C4E871 /* Resources */,
				F94E6260141208CDDAE1F4F4 /* Embed Pods Frameworks */,
				44B953BDEB227A2EE73B22AA /* Copy Pods Resources */,
			);
			buildRules = (
			);
			dependencies = (
			);
			name = SnippetManager;
			productName = SnippetManager;
			productReference = EDCDEAF21C5EB8AC00C4E871 /* SnippetManager.app */;
			productType = "com.apple.product-type.application";
		};
		EDCDEB071C5EB8AC00C4E871 /* SnippetManagerTests */ = {
			isa = PBXNativeTarget;
			buildConfigurationList = EDCDEB141C5EB8AD00C4E871 /* Build configuration list for PBXNativeTarget "SnippetManagerTests" */;
			buildPhases = (
				EDCDEB041C5EB8AC00C4E871 /* Sources */,
				EDCDEB051C5EB8AC00C4E871 /* Frameworks */,
				EDCDEB061C5EB8AC00C4E871 /* Resources */,
			);
			buildRules = (
			);
			dependencies = (
				EDCDEB0A1C5EB8AC00C4E871 /* PBXTargetDependency */,
			);
			name = SnippetManagerTests;
			productName = SnippetManagerTests;
			productReference = EDCDEB081C5EB8AC00C4E871 /* SnippetManagerTests.xctest */;
			productType = "com.apple.product-type.bundle.unit-test";
		};
/* End PBXNativeTarget section */

/* Begin PBXProject section */
		EDCDEAEA1C5EB8AB00C4E871 /* Project object */ = {
			isa = PBXProject;
			attributes = {
				LastUpgradeCheck = 0720;
				ORGANIZATIONNAME = "Kirill Ushkov";
				TargetAttributes = {
					EDCDEAF11C5EB8AB00C4E871 = {
						CreatedOnToolsVersion = 7.2;
					};
					EDCDEB071C5EB8AC00C4E871 = {
						CreatedOnToolsVersion = 7.2;
						TestTargetID = EDCDEAF11C5EB8AB00C4E871;
					};
				};
			};
			buildConfigurationList = EDCDEAED1C5EB8AB00C4E871 /* Build configuration list for PBXProject "SnippetManager" */;
			compatibilityVersion = "Xcode 3.2";
			developmentRegion = English;
			hasScannedForEncodings = 0;
			knownRegions = (
				en,
				Base,
			);
			mainGroup = EDCDEAE91C5EB8AB00C4E871;
			productRefGroup = EDCDEAF31C5EB8AC00C4E871 /* Products */;
			projectDirPath = "";
			projectRoot = "";
			targets = (
				EDCDEAF11C5EB8AB00C4E871 /* SnippetManager */,
				EDCDEB071C5EB8AC00C4E871 /* SnippetManagerTests */,
			);
		};
/* End PBXProject section */

/* Begin PBXResourcesBuildPhase section */
		EDCDEAF01C5EB8AB00C4E871 /* Resources */ = {
			isa = PBXResourcesBuildPhase;
			buildActionMask = 2147483647;
			files = (
				ED5C4D8F1C66AED1003BA5EE /* Assets.xcassets in Resources */,
				ED5C4D901C66AED1003BA5EE /* Main.storyboard in Resources */,
				ED5C4D931C66AED1003BA5EE /* Info.plist in Resources */,
			);
			runOnlyForDeploymentPostprocessing = 0;
		};
		EDCDEB061C5EB8AC00C4E871 /* Resources */ = {
			isa = PBXResourcesBuildPhase;
			buildActionMask = 2147483647;
			files = (
			);
			runOnlyForDeploymentPostprocessing = 0;
		};
/* End PBXResourcesBuildPhase section */

/* Begin PBXShellScriptBuildPhase section */
		26A3A2240D112864870948DD /* Check Pods Manifest.lock */ = {
			isa = PBXShellScriptBuildPhase;
			buildActionMask = 2147483647;
			files = (
			);
			inputPaths = (
			);
			name = "Check Pods Manifest.lock";
			outputPaths = (
			);
			runOnlyForDeploymentPostprocessing = 0;
			shellPath = /bin/sh;
			shellScript = "diff \"${PODS_ROOT}/../Podfile.lock\" \"${PODS_ROOT}/Manifest.lock\" > /dev/null\nif [[ $? != 0 ]] ; then\n    cat << EOM\nerror: The sandbox is not in sync with the Podfile.lock. Run 'pod install' or update your CocoaPods installation.\nEOM\n    exit 1\nfi\n";
			showEnvVarsInLog = 0;
		};
		44B953BDEB227A2EE73B22AA /* Copy Pods Resources */ = {
			isa = PBXShellScriptBuildPhase;
			buildActionMask = 2147483647;
			files = (
			);
			inputPaths = (
			);
			name = "Copy Pods Resources";
			outputPaths = (
			);
			runOnlyForDeploymentPostprocessing = 0;
			shellPath = /bin/sh;
			shellScript = "\"${SRCROOT}/Pods/Target Support Files/Pods-SnippetManager/Pods-SnippetManager-resources.sh\"\n";
			showEnvVarsInLog = 0;
		};
		F94E6260141208CDDAE1F4F4 /* Embed Pods Frameworks */ = {
			isa = PBXShellScriptBuildPhase;
			buildActionMask = 2147483647;
			files = (
			);
			inputPaths = (
			);
			name = "Embed Pods Frameworks";
			outputPaths = (
			);
			runOnlyForDeploymentPostprocessing = 0;
			shellPath = /bin/sh;
			shellScript = "\"${SRCROOT}/Pods/Target Support Files/Pods-SnippetManager/Pods-SnippetManager-frameworks.sh\"\n";
			showEnvVarsInLog = 0;
		};
/* End PBXShellScriptBuildPhase section */

/* Begin PBXSourcesBuildPhase section */
		EDCDEAEE1C5EB8AB00C4E871 /* Sources */ = {
			isa = PBXSourcesBuildPhase;
			buildActionMask = 2147483647;
			files = (
				ED5C4D911C66AED1003BA5EE /* ViewController.m in Sources */,
				ED5C4D8E1C66AED1003BA5EE /* AppDelegate.m in Sources */,
				ED5C4D941C66AED1003BA5EE /* main.m in Sources */,
				ED5C4D951C66AED1003BA5EE /* Snippet+CoreDataProperties.m in Sources */,
				ED5C4D921C66AED1003BA5EE /* DataController.m in Sources */,
				ED5C4D981C66AED1003BA5EE /* SnippetModel.xcdatamodeld in Sources */,
				ED5C4D961C66AED1003BA5EE /* Snippet.m in Sources */,
				ED5C4D971C66AED1003BA5EE /* ApiClient.m in Sources */,
			);
			runOnlyForDeploymentPostprocessing = 0;
		};
		EDCDEB041C5EB8AC00C4E871 /* Sources */ = {
			isa = PBXSourcesBuildPhase;
			buildActionMask = 2147483647;
			files = (
				EDCDEB0D1C5EB8AD00C4E871 /* SnippetManagerTests.m in Sources */,
			);
			runOnlyForDeploymentPostprocessing = 0;
		};
/* End PBXSourcesBuildPhase section */

/* Begin PBXTargetDependency section */
		EDCDEB0A1C5EB8AC00C4E871 /* PBXTargetDependency */ = {
			isa = PBXTargetDependency;
			target = EDCDEAF11C5EB8AB00C4E871 /* SnippetManager */;
			targetProxy = EDCDEB091C5EB8AC00C4E871 /* PBXContainerItemProxy */;
		};
/* End PBXTargetDependency section */

/* Begin PBXVariantGroup section */
		ED5C4D7A1C66AED1003BA5EE /* Main.storyboard */ = {
			isa = PBXVariantGroup;
			children = (
				ED5C4D7B1C66AED1003BA5EE /* Base */,
			);
			name = Main.storyboard;
			sourceTree = "<group>";
		};
/* End PBXVariantGroup section */

/* Begin XCBuildConfiguration section */
		EDCDEB0F1C5EB8AD00C4E871 /* Debug */ = {
			isa = XCBuildConfiguration;
			buildSettings = {
				ALWAYS_SEARCH_USER_PATHS = NO;
				CLANG_CXX_LANGUAGE_STANDARD = "gnu++0x";
				CLANG_CXX_LIBRARY = "libc++";
				CLANG_ENABLE_MODULES = YES;
				CLANG_ENABLE_OBJC_ARC = YES;
				CLANG_WARN_BOOL_CONVERSION = YES;
				CLANG_WARN_CONSTANT_CONVERSION = YES;
				CLANG_WARN_DIRECT_OBJC_ISA_USAGE = YES_ERROR;
				CLANG_WARN_EMPTY_BODY = YES;
				CLANG_WARN_ENUM_CONVERSION = YES;
				CLANG_WARN_INT_CONVERSION = YES;
				CLANG_WARN_OBJC_ROOT_CLASS = YES_ERROR;
				CLANG_WARN_UNREACHABLE_CODE = YES;
				CLANG_WARN__DUPLICATE_METHOD_MATCH = YES;
				CODE_SIGN_IDENTITY = "-";
				COPY_PHASE_STRIP = NO;
				DEBUG_INFORMATION_FORMAT = dwarf;
				ENABLE_STRICT_OBJC_MSGSEND = YES;
				ENABLE_TESTABILITY = YES;
				GCC_C_LANGUAGE_STANDARD = gnu99;
				GCC_DYNAMIC_NO_PIC = NO;
				GCC_NO_COMMON_BLOCKS = YES;
				GCC_OPTIMIZATION_LEVEL = 0;
				GCC_PREPROCESSOR_DEFINITIONS = (
					"DEBUG=1",
					"$(inherited)",
				);
				GCC_WARN_64_TO_32_BIT_CONVERSION = YES;
				GCC_WARN_ABOUT_RETURN_TYPE = YES_ERROR;
				GCC_WARN_UNDECLARED_SELECTOR = YES;
				GCC_WARN_UNINITIALIZED_AUTOS = YES_AGGRESSIVE;
				GCC_WARN_UNUSED_FUNCTION = YES;
				GCC_WARN_UNUSED_VARIABLE = YES;
				MACOSX_DEPLOYMENT_TARGET = 10.11;
				MTL_ENABLE_DEBUG_INFO = YES;
				ONLY_ACTIVE_ARCH = YES;
				SDKROOT = macosx;
			};
			name = Debug;
		};
		EDCDEB101C5EB8AD00C4E871 /* Release */ = {
			isa = XCBuildConfiguration;
			buildSettings = {
				ALWAYS_SEARCH_USER_PATHS = NO;
				CLANG_CXX_LANGUAGE_STANDARD = "gnu++0x";
				CLANG_CXX_LIBRARY = "libc++";
				CLANG_ENABLE_MODULES = YES;
				CLANG_ENABLE_OBJC_ARC = YES;
				CLANG_WARN_BOOL_CONVERSION = YES;
				CLANG_WARN_CONSTANT_CONVERSION = YES;
				CLANG_WARN_DIRECT_OBJC_ISA_USAGE = YES_ERROR;
				CLANG_WARN_EMPTY_BODY = YES;
				CLANG_WARN_ENUM_CONVERSION = YES;
				CLANG_WARN_INT_CONVERSION = YES;
				CLANG_WARN_OBJC_ROOT_CLASS = YES_ERROR;
				CLANG_WARN_UNREACHABLE_CODE = YES;
				CLANG_WARN__DUPLICATE_METHOD_MATCH = YES;
				CODE_SIGN_IDENTITY = "-";
				COPY_PHASE_STRIP = NO;
				DEBUG_INFORMATION_FORMAT = "dwarf-with-dsym";
				ENABLE_NS_ASSERTIONS = NO;
				ENABLE_STRICT_OBJC_MSGSEND = YES;
				GCC_C_LANGUAGE_STANDARD = gnu99;
				GCC_NO_COMMON_BLOCKS = YES;
				GCC_WARN_64_TO_32_BIT_CONVERSION = YES;
				GCC_WARN_ABOUT_RETURN_TYPE = YES_ERROR;
				GCC_WARN_UNDECLARED_SELECTOR = YES;
				GCC_WARN_UNINITIALIZED_AUTOS = YES_AGGRESSIVE;
				GCC_WARN_UNUSED_FUNCTION = YES;
				GCC_WARN_UNUSED_VARIABLE = YES;
				MACOSX_DEPLOYMENT_TARGET = 10.11;
				MTL_ENABLE_DEBUG_INFO = NO;
				SDKROOT = macosx;
			};
			name = Release;
		};
		EDCDEB121C5EB8AD00C4E871 /* Debug */ = {
			isa = XCBuildConfiguration;
			baseConfigurationReference = 11C6272ABC56212DC16CB227 /* Pods-SnippetManager.debug.xcconfig */;
			buildSettings = {
				ASSETCATALOG_COMPILER_APPICON_NAME = AppIcon;
				COMBINE_HIDPI_IMAGES = YES;
				INFOPLIST_FILE = SnippetManager/Info.plist;
				LD_RUNPATH_SEARCH_PATHS = "$(inherited) @executable_path/../Frameworks";
				PRODUCT_BUNDLE_IDENTIFIER = com.kirill.vocabulary.SnippetManager;
				PRODUCT_NAME = "$(TARGET_NAME)";
			};
			name = Debug;
		};
		EDCDEB131C5EB8AD00C4E871 /* Release */ = {
			isa = XCBuildConfiguration;
			baseConfigurationReference = 8F68218799E371532FED4646 /* Pods-SnippetManager.release.xcconfig */;
			buildSettings = {
				ASSETCATALOG_COMPILER_APPICON_NAME = AppIcon;
				COMBINE_HIDPI_IMAGES = YES;
				INFOPLIST_FILE = SnippetManager/Info.plist;
				LD_RUNPATH_SEARCH_PATHS = "$(inherited) @executable_path/../Frameworks";
				PRODUCT_BUNDLE_IDENTIFIER = com.kirill.vocabulary.SnippetManager;
				PRODUCT_NAME = "$(TARGET_NAME)";
			};
			name = Release;
		};
		EDCDEB151C5EB8AD00C4E871 /* Debug */ = {
			isa = XCBuildConfiguration;
			buildSettings = {
				BUNDLE_LOADER = "$(TEST_HOST)";
				COMBINE_HIDPI_IMAGES = YES;
				INFOPLIST_FILE = SnippetManagerTests/Info.plist;
				LD_RUNPATH_SEARCH_PATHS = "$(inherited) @executable_path/../Frameworks @loader_path/../Frameworks";
				PRODUCT_BUNDLE_IDENTIFIER = com.kirill.vocabulary.SnippetManagerTests;
				PRODUCT_NAME = "$(TARGET_NAME)";
				TEST_HOST = "$(BUILT_PRODUCTS_DIR)/SnippetManager.app/Contents/MacOS/SnippetManager";
			};
			name = Debug;
		};
		EDCDEB161C5EB8AD00C4E871 /* Release */ = {
			isa = XCBuildConfiguration;
			buildSettings = {
				BUNDLE_LOADER = "$(TEST_HOST)";
				COMBINE_HIDPI_IMAGES = YES;
				INFOPLIST_FILE = SnippetManagerTests/Info.plist;
				LD_RUNPATH_SEARCH_PATHS = "$(inherited) @executable_path/../Frameworks @loader_path/../Frameworks";
				PRODUCT_BUNDLE_IDENTIFIER = com.kirill.vocabulary.SnippetManagerTests;
				PRODUCT_NAME = "$(TARGET_NAME)";
				TEST_HOST = "$(BUILT_PRODUCTS_DIR)/SnippetManager.app/Contents/MacOS/SnippetManager";
			};
			name = Release;
		};
/* End XCBuildConfiguration section */

/* Begin XCConfigurationList section */
		EDCDEAED1C5EB8AB00C4E871 /* Build configuration list for PBXProject "SnippetManager" */ = {
			isa = XCConfigurationList;
			buildConfigurations = (
				EDCDEB0F1C5EB8AD00C4E871 /* Debug */,
				EDCDEB101C5EB8AD00C4E871 /* Release */,
			);
			defaultConfigurationIsVisible = 0;
			defaultConfigurationName = Release;
		};
		EDCDEB111C5EB8AD00C4E871 /* Build configuration list for PBXNativeTarget "SnippetManager" */ = {
			isa = XCConfigurationList;
			buildConfigurations = (
				EDCDEB121C5EB8AD00C4E871 /* Debug */,
				EDCDEB131C5EB8AD00C4E871 /* Release */,
			);
			defaultConfigurationIsVisible = 0;
			defaultConfigurationName = Release;
		};
		EDCDEB141C5EB8AD00C4E871 /* Build configuration list for PBXNativeTarget "SnippetManagerTests" */ = {
			isa = XCConfigurationList;
			buildConfigurations = (
				EDCDEB151C5EB8AD00C4E871 /* Debug */,
				EDCDEB161C5EB8AD00C4E871 /* Release */,
			);
			defaultConfigurationIsVisible = 0;
			defaultConfigurationName = Release;
		};
/* End XCConfigurationList section */

/* Begin XCVersionGroup section */
		ED5C4D8C1C66AED1003BA5EE /* SnippetModel.xcdatamodeld */ = {
			isa = XCVersionGroup;
			children = (
				ED5C4D8D1C66AED1003BA5EE /* SnippetModel.xcdatamodel */,
			);
			currentVersion = ED5C4D8D1C66AED1003BA5EE /* SnippetModel.xcdatamodel */;
			path = SnippetModel.xcdatamodeld;
			sourceTree = "<group>";
			versionGroupType = wrapper.xcdatamodel;
		};
/* End XCVersionGroup section */
	};
	rootObject = EDCDEAEA1C5EB8AB00C4E871 /* Project object */;
}
